
Microsoft Visual Studio Solution File, Format Version 12.00
# Visual Studio Version 17
VisualStudioVersion = 17.6.33815.320
MinimumVisualStudioVersion = 10.0.40219.1
Project("{FAE04EC0-301F-11D3-BF4B-00C04F79EFBC}") = "FAQ App", "FAQ App\FAQ App.csproj", "{A1054F8B-510C-448E-9A9F-87F3B4487D1D}"
EndProject
Global
	GlobalSection(SolutionConfigurationPlatforms) = preSolution
		Debug|Any CPU = Debug|Any CPU
		Release|Any CPU = Release|Any CPU
	EndGlobalSection
	GlobalSection(ProjectConfigurationPlatforms) = postSolution
		{A1054F8B-510C-448E-9A9F-87F3B4487D1D}.Debug|Any CPU.ActiveCfg = Debug|Any CPU
		{A1054F8B-510C-448E-9A9F-87F3B4487D1D}.Debug|Any CPU.Build.0 = Debug|Any CPU
		{A1054F8B-510C-448E-9A9F-87F3B4487D1D}.Release|Any CPU.ActiveCfg = Release|Any CPU
		{A1054F8B-510C-448E-9A9F-87F3B4487D1D}.Release|Any CPU.Build.0 = Release|Any CPU
	EndGlobalSection
	GlobalSection(SolutionProperties) = preSolution
		HideSolutionNode = FALSE
	EndGlobalSection
	GlobalSection(ExtensibilityGlobals) = postSolution
		SolutionGuid = {E4691192-9A96-468F-8891-44F2661D56C0}
	EndGlobalSection
EndGlobal
